
Microsoft Visual Studio Solution File, Format Version 12.00
# Visual Studio Version 16
VisualStudioVersion = 16.0.31727.386
MinimumVisualStudioVersion = 10.0.40219.1
Project("{FAE04EC0-301F-11D3-BF4B-00C04F79EFBC}") = "MathLibrary", "MathLibrary.csproj", "{E6D73712-5361-42C0-A572-7ADFF6B9A317}"
EndProject
Project("{FAE04EC0-301F-11D3-BF4B-00C04F79EFBC}") = "DrawingHelpersLibrary", "..\DrawingHelpersLibrary\DrawingHelpersLibrary.csproj", "{8B758AE0-4A37-4642-A50F-23F18CB55BA2}"
EndProject
Project("{FAE04EC0-301F-11D3-BF4B-00C04F79EFBC}") = "MathLibraryDriver", "MathLibraryDriver\MathLibraryDriver.csproj", "{038F591A-2694-4231-A793-A368282DDF8E}"
EndProject
Project("{FAE04EC0-301F-11D3-BF4B-00C04F79EFBC}") = "DrawingPipeline", "..\DrawingPipeline\DrawingPipeline.csproj", "{7FD05312-6026-4758-8EAA-824BF2CD37B5}"
EndProject
Global
	GlobalSection(SolutionConfigurationPlatforms) = preSolution
		Debug|Any CPU = Debug|Any CPU
		Release|Any CPU = Release|Any CPU
	EndGlobalSection
	GlobalSection(ProjectConfigurationPlatforms) = postSolution
		{E6D73712-5361-42C0-A572-7ADFF6B9A317}.Debug|Any CPU.ActiveCfg = Debug|Any CPU
		{E6D73712-5361-42C0-A572-7ADFF6B9A317}.Debug|Any CPU.Build.0 = Debug|Any CPU
		{E6D73712-5361-42C0-A572-7ADFF6B9A317}.Release|Any CPU.ActiveCfg = Release|Any CPU
		{E6D73712-5361-42C0-A572-7ADFF6B9A317}.Release|Any CPU.Build.0 = Release|Any CPU
		{8B758AE0-4A37-4642-A50F-23F18CB55BA2}.Debug|Any CPU.ActiveCfg = Debug|Any CPU
		{8B758AE0-4A37-4642-A50F-23F18CB55BA2}.Debug|Any CPU.Build.0 = Debug|Any CPU
		{8B758AE0-4A37-4642-A50F-23F18CB55BA2}.Release|Any CPU.ActiveCfg = Release|Any CPU
		{8B758AE0-4A37-4642-A50F-23F18CB55BA2}.Release|Any CPU.Build.0 = Release|Any CPU
		{038F591A-2694-4231-A793-A368282DDF8E}.Debug|Any CPU.ActiveCfg = Debug|Any CPU
		{038F591A-2694-4231-A793-A368282DDF8E}.Debug|Any CPU.Build.0 = Debug|Any CPU
		{038F591A-2694-4231-A793-A368282DDF8E}.Release|Any CPU.ActiveCfg = Release|Any CPU
		{038F591A-2694-4231-A793-A368282DDF8E}.Release|Any CPU.Build.0 = Release|Any CPU
		{7FD05312-6026-4758-8EAA-824BF2CD37B5}.Debug|Any CPU.ActiveCfg = Debug|Any CPU
		{7FD05312-6026-4758-8EAA-824BF2CD37B5}.Debug|Any CPU.Build.0 = Debug|Any CPU
		{7FD05312-6026-4758-8EAA-824BF2CD37B5}.Release|Any CPU.ActiveCfg = Release|Any CPU
		{7FD05312-6026-4758-8EAA-824BF2CD37B5}.Release|Any CPU.Build.0 = Release|Any CPU
	EndGlobalSection
	GlobalSection(SolutionProperties) = preSolution
		HideSolutionNode = FALSE
	EndGlobalSection
	GlobalSection(ExtensibilityGlobals) = postSolution
		SolutionGuid = {2156F82B-97A3-490D-A7B6-AE4B05402DAF}
	EndGlobalSection
EndGlobal
